
Microsoft Visual Studio Solution File, Format Version 12.00
# Visual Studio Version 17
VisualStudioVersion = 17.0.32112.339
MinimumVisualStudioVersion = 10.0.40219.1
Project("{9A19103F-16F7-4668-BE54-9A1E7A4F7556}") = "CrabSeek.Connectors", "src\CrabSeek.Connectors\CrabSeek.Connectors.csproj", "{93886DFD-F278-4575-8BD4-4D6AF064911F}"
EndProject
Project("{FAE04EC0-301F-11D3-BF4B-00C04F79EFBC}") = "CrabSeek.Connectors.Tests", "src\CrabSeek.Connectors.Tests\CrabSeek.Connectors.Tests.csproj", "{341F69BA-5E7C-4A1E-A412-949D213291B6}"
EndProject
Global
	GlobalSection(SolutionConfigurationPlatforms) = preSolution
		Debug|Any CPU = Debug|Any CPU
		Release|Any CPU = Release|Any CPU
	EndGlobalSection
	GlobalSection(ProjectConfigurationPlatforms) = postSolution
		{93886DFD-F278-4575-8BD4-4D6AF064911F}.Debug|Any CPU.ActiveCfg = Debug|Any CPU
		{93886DFD-F278-4575-8BD4-4D6AF064911F}.Debug|Any CPU.Build.0 = Debug|Any CPU
		{93886DFD-F278-4575-8BD4-4D6AF064911F}.Release|Any CPU.ActiveCfg = Release|Any CPU
		{93886DFD-F278-4575-8BD4-4D6AF064911F}.Release|Any CPU.Build.0 = Release|Any CPU
		{341F69BA-5E7C-4A1E-A412-949D213291B6}.Debug|Any CPU.ActiveCfg = Debug|Any CPU
		{341F69BA-5E7C-4A1E-A412-949D213291B6}.Debug|Any CPU.Build.0 = Debug|Any CPU
		{341F69BA-5E7C-4A1E-A412-949D213291B6}.Release|Any CPU.ActiveCfg = Release|Any CPU
		{341F69BA-5E7C-4A1E-A412-949D213291B6}.Release|Any CPU.Build.0 = Release|Any CPU
	EndGlobalSection
	GlobalSection(SolutionProperties) = preSolution
		HideSolutionNode = FALSE
	EndGlobalSection
	GlobalSection(ExtensibilityGlobals) = postSolution
		SolutionGuid = {D9D8AF79-6D82-4216-BA24-D2A4EE13069A}
	EndGlobalSection
EndGlobal
